
Microsoft Visual Studio Solution File, Format Version 12.00
# Visual Studio 2013
VisualStudioVersion = 12.0.30501.0
MinimumVisualStudioVersion = 10.0.40219.1
Project("{FAE04EC0-301F-11D3-BF4B-00C04F79EFBC}") = "MP22NET.DATA", "MP12NET\MP22NET.DATA.csproj", "{826F7070-74F1-4B65-B67A-DFB068C91A67}"
EndProject
Project("{FAE04EC0-301F-11D3-BF4B-00C04F79EFBC}") = "MP22NET.WpfFrontEnd", "FrontEnd\MP22NET.WpfFrontEnd.csproj", "{9025DDF1-3838-4FFD-BB70-08FA54CD2381}"
EndProject
Project("{FAE04EC0-301F-11D3-BF4B-00C04F79EFBC}") = "MP22NET.Tools", "MP22NET.Tools\MP22NET.Tools.csproj", "{A781922E-053B-4E0E-B7DD-AFC3100B7423}"
EndProject
Global
	GlobalSection(SolutionConfigurationPlatforms) = preSolution
		Debug|Any CPU = Debug|Any CPU
		Release|Any CPU = Release|Any CPU
	EndGlobalSection
	GlobalSection(ProjectConfigurationPlatforms) = postSolution
		{826F7070-74F1-4B65-B67A-DFB068C91A67}.Debug|Any CPU.ActiveCfg = Debug|Any CPU
		{826F7070-74F1-4B65-B67A-DFB068C91A67}.Debug|Any CPU.Build.0 = Debug|Any CPU
		{826F7070-74F1-4B65-B67A-DFB068C91A67}.Release|Any CPU.ActiveCfg = Release|Any CPU
		{826F7070-74F1-4B65-B67A-DFB068C91A67}.Release|Any CPU.Build.0 = Release|Any CPU
		{9025DDF1-3838-4FFD-BB70-08FA54CD2381}.Debug|Any CPU.ActiveCfg = Debug|Any CPU
		{9025DDF1-3838-4FFD-BB70-08FA54CD2381}.Debug|Any CPU.Build.0 = Debug|Any CPU
		{9025DDF1-3838-4FFD-BB70-08FA54CD2381}.Release|Any CPU.ActiveCfg = Release|Any CPU
		{9025DDF1-3838-4FFD-BB70-08FA54CD2381}.Release|Any CPU.Build.0 = Release|Any CPU
		{A781922E-053B-4E0E-B7DD-AFC3100B7423}.Debug|Any CPU.ActiveCfg = Debug|Any CPU
		{A781922E-053B-4E0E-B7DD-AFC3100B7423}.Debug|Any CPU.Build.0 = Debug|Any CPU
		{A781922E-053B-4E0E-B7DD-AFC3100B7423}.Release|Any CPU.ActiveCfg = Release|Any CPU
		{A781922E-053B-4E0E-B7DD-AFC3100B7423}.Release|Any CPU.Build.0 = Release|Any CPU
	EndGlobalSection
	GlobalSection(SolutionProperties) = preSolution
		HideSolutionNode = FALSE
	EndGlobalSection
EndGlobal
